{
  "name": "scribbles",
  "version": "0.7.0",
  "lockfileVersion": 1,
  "requires": true,
  "dependencies": {
    "@ashleyw/cls-hooked": {
      "version": "5.0.1",
      "resolved": "https://registry.npmjs.org/@ashleyw/cls-hooked/-/cls-hooked-5.0.1.tgz",
      "integrity": "sha512-iA29vqTCA8ezPyhR83rLI+2XwcqQJ5IAWEThTyg8pjgVr+IRNS2HBm5Q96ivBEWIFLTnd0BGLf4sfY7NuE4vRQ==",
      "requires": {
        "emitter-listener": "1.1.2"
      }
    },
    "emitter-listener": {
      "version": "1.1.2",
      "resolved": "https://registry.npmjs.org/emitter-listener/-/emitter-listener-1.1.2.tgz",
      "integrity": "sha512-Bt1sBAGFHY9DKY+4/2cV6izcKJUf5T7/gkdmkxzX/qv9CcGH8xSwVRW5mtX03SWJtRTWSOpzCuWN9rBFYZepZQ==",
      "requires": {
        "shimmer": "1.2.1"
      }
    },
    "moment": {
      "version": "2.24.0",
      "resolved": "https://registry.npmjs.org/moment/-/moment-2.24.0.tgz",
      "integrity": "sha512-bV7f+6l2QigeBBZSM/6yTNq4P2fNpSWj/0e7jQcy87A8e7o2nAfP/34/2ky5Vw4B9S446EtIhodAzkFCcR4dQg=="
    },
    "node-hook": {
      "version": "1.0.0",
      "resolved": "https://registry.npmjs.org/node-hook/-/node-hook-1.0.0.tgz",
      "integrity": "sha1-gso5r5kdcm1ceVLlnJkjeLspb34="
    },
    "shimmer": {
      "version": "1.2.1",
      "resolved": "https://registry.npmjs.org/shimmer/-/shimmer-1.2.1.tgz",
      "integrity": "sha512-sQTKC1Re/rM6XyFM6fIAGHRPVGvyXfgzIDvzoq608vM+jeyVD0Tu1E6Np0Kc2zAIFWIj963V2800iF/9LPieQw=="
    },
    "string-template": {
      "version": "1.0.0",
      "resolved": "https://registry.npmjs.org/string-template/-/string-template-1.0.0.tgz",
      "integrity": "sha1-np8iM9wA8hhxjsN5oopWc+zKi5Y="
    }
  }
}
